
Microsoft Visual Studio Solution File, Format Version 12.00
# Visual Studio Version 17
VisualStudioVersion = 17.12.35527.113 d17.12
MinimumVisualStudioVersion = 10.0.40219.1
Project("{FAE04EC0-301F-11D3-BF4B-00C04F79EFBC}") = "AuthService", "AuthService\AuthService.csproj", "{A3FF49E9-48A3-44BF-936C-2AC83E982C79}"
EndProject
Project("{2150E333-8FDC-42A3-9474-1A3956D46DE8}") = "Tests", "Tests", "{FFBC4197-15F4-445A-8BF2-F281E32C52B9}"
EndProject
Project("{2150E333-8FDC-42A3-9474-1A3956D46DE8}") = "Src", "Src", "{0BC81794-3000-4157-926B-AAD977673400}"
EndProject
Project("{FAE04EC0-301F-11D3-BF4B-00C04F79EFBC}") = "AuthServiceIntegrationTests", "AuthServiceIntegrationTests\AuthServiceIntegrationTests.csproj", "{514D8014-49F2-4A92-818B-34561508A120}"
EndProject
Global
	GlobalSection(SolutionConfigurationPlatforms) = preSolution
		Debug|Any CPU = Debug|Any CPU
		Release|Any CPU = Release|Any CPU
	EndGlobalSection
	GlobalSection(ProjectConfigurationPlatforms) = postSolution
		{A3FF49E9-48A3-44BF-936C-2AC83E982C79}.Debug|Any CPU.ActiveCfg = Debug|Any CPU
		{A3FF49E9-48A3-44BF-936C-2AC83E982C79}.Debug|Any CPU.Build.0 = Debug|Any CPU
		{A3FF49E9-48A3-44BF-936C-2AC83E982C79}.Release|Any CPU.ActiveCfg = Release|Any CPU
		{A3FF49E9-48A3-44BF-936C-2AC83E982C79}.Release|Any CPU.Build.0 = Release|Any CPU
		{514D8014-49F2-4A92-818B-34561508A120}.Debug|Any CPU.ActiveCfg = Debug|Any CPU
		{514D8014-49F2-4A92-818B-34561508A120}.Debug|Any CPU.Build.0 = Debug|Any CPU
		{514D8014-49F2-4A92-818B-34561508A120}.Release|Any CPU.ActiveCfg = Release|Any CPU
		{514D8014-49F2-4A92-818B-34561508A120}.Release|Any CPU.Build.0 = Release|Any CPU
	EndGlobalSection
	GlobalSection(SolutionProperties) = preSolution
		HideSolutionNode = FALSE
	EndGlobalSection
	GlobalSection(NestedProjects) = preSolution
		{A3FF49E9-48A3-44BF-936C-2AC83E982C79} = {0BC81794-3000-4157-926B-AAD977673400}
		{514D8014-49F2-4A92-818B-34561508A120} = {FFBC4197-15F4-445A-8BF2-F281E32C52B9}
	EndGlobalSection
EndGlobal
